
Microsoft Visual Studio Solution File, Format Version 12.00
# Visual Studio Version 16
VisualStudioVersion = 16.0.28803.352
MinimumVisualStudioVersion = 10.0.40219.1
Project("{9A19103F-16F7-4668-BE54-9A1E7A4F7556}") = "FluentDownloader", "FluentDownloader\FluentDownloader.csproj", "{FCF1D531-0EF2-4B29-95F7-427A03958AFB}"
EndProject
Project("{FAE04EC0-301F-11D3-BF4B-00C04F79EFBC}") = "Demo", "Demo\Demo.csproj", "{24F76DA0-C9C6-4A94-B99D-40C6B39EDB3B}"
EndProject
Global
	GlobalSection(SolutionConfigurationPlatforms) = preSolution
		Debug|Any CPU = Debug|Any CPU
		Release|Any CPU = Release|Any CPU
	EndGlobalSection
	GlobalSection(ProjectConfigurationPlatforms) = postSolution
		{FCF1D531-0EF2-4B29-95F7-427A03958AFB}.Debug|Any CPU.ActiveCfg = Debug|Any CPU
		{FCF1D531-0EF2-4B29-95F7-427A03958AFB}.Debug|Any CPU.Build.0 = Debug|Any CPU
		{FCF1D531-0EF2-4B29-95F7-427A03958AFB}.Release|Any CPU.ActiveCfg = Release|Any CPU
		{FCF1D531-0EF2-4B29-95F7-427A03958AFB}.Release|Any CPU.Build.0 = Release|Any CPU
		{24F76DA0-C9C6-4A94-B99D-40C6B39EDB3B}.Debug|Any CPU.ActiveCfg = Debug|Any CPU
		{24F76DA0-C9C6-4A94-B99D-40C6B39EDB3B}.Debug|Any CPU.Build.0 = Debug|Any CPU
		{24F76DA0-C9C6-4A94-B99D-40C6B39EDB3B}.Release|Any CPU.ActiveCfg = Release|Any CPU
		{24F76DA0-C9C6-4A94-B99D-40C6B39EDB3B}.Release|Any CPU.Build.0 = Release|Any CPU
	EndGlobalSection
	GlobalSection(SolutionProperties) = preSolution
		HideSolutionNode = FALSE
	EndGlobalSection
	GlobalSection(ExtensibilityGlobals) = postSolution
		SolutionGuid = {920170C2-C491-4281-9C19-B4D555386A42}
	EndGlobalSection
EndGlobal
